
Microsoft Visual Studio Solution File, Format Version 12.00
# Visual Studio Version 17
VisualStudioVersion = 17.0.31903.59
MinimumVisualStudioVersion = 10.0.40219.1
Project("{2150E333-8FDC-42A3-9474-1A3956D46DE8}") = "src", "src", "{827E0CD3-B72D-47B6-A68D-7590B98EB39B}"
EndProject
Project("{FAE04EC0-301F-11D3-BF4B-00C04F79EFBC}") = "MonadicSharp", "src\MonadicSharp\MonadicSharp.csproj", "{29478C1B-09F5-4BF1-84C1-FDB2963168E5}"
EndProject
Project("{FAE04EC0-301F-11D3-BF4B-00C04F79EFBC}") = "MonadicSharp.Iteration", "src\MonadicSharp.Iteration\MonadicSharp.Iteration.csproj", "{DA25ABC0-671E-498B-9C4B-DF997CD412C1}"
EndProject
Project("{FAE04EC0-301F-11D3-BF4B-00C04F79EFBC}") = "Test", "src\Test\Test.csproj", "{2D4A3370-0AB4-4ED5-94A2-31CF4C9E8144}"
EndProject
Global
	GlobalSection(SolutionConfigurationPlatforms) = preSolution
		Debug|Any CPU = Debug|Any CPU
		Debug|x64 = Debug|x64
		Debug|x86 = Debug|x86
		Release|Any CPU = Release|Any CPU
		Release|x64 = Release|x64
		Release|x86 = Release|x86
	EndGlobalSection
	GlobalSection(ProjectConfigurationPlatforms) = postSolution
		{29478C1B-09F5-4BF1-84C1-FDB2963168E5}.Debug|Any CPU.ActiveCfg = Debug|Any CPU
		{29478C1B-09F5-4BF1-84C1-FDB2963168E5}.Debug|Any CPU.Build.0 = Debug|Any CPU
		{29478C1B-09F5-4BF1-84C1-FDB2963168E5}.Debug|x64.ActiveCfg = Debug|Any CPU
		{29478C1B-09F5-4BF1-84C1-FDB2963168E5}.Debug|x64.Build.0 = Debug|Any CPU
		{29478C1B-09F5-4BF1-84C1-FDB2963168E5}.Debug|x86.ActiveCfg = Debug|Any CPU
		{29478C1B-09F5-4BF1-84C1-FDB2963168E5}.Debug|x86.Build.0 = Debug|Any CPU
		{29478C1B-09F5-4BF1-84C1-FDB2963168E5}.Release|Any CPU.ActiveCfg = Release|Any CPU
		{29478C1B-09F5-4BF1-84C1-FDB2963168E5}.Release|Any CPU.Build.0 = Release|Any CPU
		{29478C1B-09F5-4BF1-84C1-FDB2963168E5}.Release|x64.ActiveCfg = Release|Any CPU
		{29478C1B-09F5-4BF1-84C1-FDB2963168E5}.Release|x64.Build.0 = Release|Any CPU
		{29478C1B-09F5-4BF1-84C1-FDB2963168E5}.Release|x86.ActiveCfg = Release|Any CPU
		{29478C1B-09F5-4BF1-84C1-FDB2963168E5}.Release|x86.Build.0 = Release|Any CPU
		{DA25ABC0-671E-498B-9C4B-DF997CD412C1}.Debug|Any CPU.ActiveCfg = Debug|Any CPU
		{DA25ABC0-671E-498B-9C4B-DF997CD412C1}.Debug|Any CPU.Build.0 = Debug|Any CPU
		{DA25ABC0-671E-498B-9C4B-DF997CD412C1}.Debug|x64.ActiveCfg = Debug|Any CPU
		{DA25ABC0-671E-498B-9C4B-DF997CD412C1}.Debug|x64.Build.0 = Debug|Any CPU
		{DA25ABC0-671E-498B-9C4B-DF997CD412C1}.Debug|x86.ActiveCfg = Debug|Any CPU
		{DA25ABC0-671E-498B-9C4B-DF997CD412C1}.Debug|x86.Build.0 = Debug|Any CPU
		{DA25ABC0-671E-498B-9C4B-DF997CD412C1}.Release|Any CPU.ActiveCfg = Release|Any CPU
		{DA25ABC0-671E-498B-9C4B-DF997CD412C1}.Release|Any CPU.Build.0 = Release|Any CPU
		{DA25ABC0-671E-498B-9C4B-DF997CD412C1}.Release|x64.ActiveCfg = Release|Any CPU
		{DA25ABC0-671E-498B-9C4B-DF997CD412C1}.Release|x64.Build.0 = Release|Any CPU
		{DA25ABC0-671E-498B-9C4B-DF997CD412C1}.Release|x86.ActiveCfg = Release|Any CPU
		{DA25ABC0-671E-498B-9C4B-DF997CD412C1}.Release|x86.Build.0 = Release|Any CPU
		{2D4A3370-0AB4-4ED5-94A2-31CF4C9E8144}.Debug|Any CPU.ActiveCfg = Debug|Any CPU
		{2D4A3370-0AB4-4ED5-94A2-31CF4C9E8144}.Debug|Any CPU.Build.0 = Debug|Any CPU
		{2D4A3370-0AB4-4ED5-94A2-31CF4C9E8144}.Debug|x64.ActiveCfg = Debug|Any CPU
		{2D4A3370-0AB4-4ED5-94A2-31CF4C9E8144}.Debug|x64.Build.0 = Debug|Any CPU
		{2D4A3370-0AB4-4ED5-94A2-31CF4C9E8144}.Debug|x86.ActiveCfg = Debug|Any CPU
		{2D4A3370-0AB4-4ED5-94A2-31CF4C9E8144}.Debug|x86.Build.0 = Debug|Any CPU
		{2D4A3370-0AB4-4ED5-94A2-31CF4C9E8144}.Release|Any CPU.ActiveCfg = Release|Any CPU
		{2D4A3370-0AB4-4ED5-94A2-31CF4C9E8144}.Release|Any CPU.Build.0 = Release|Any CPU
		{2D4A3370-0AB4-4ED5-94A2-31CF4C9E8144}.Release|x64.ActiveCfg = Release|Any CPU
		{2D4A3370-0AB4-4ED5-94A2-31CF4C9E8144}.Release|x64.Build.0 = Release|Any CPU
		{2D4A3370-0AB4-4ED5-94A2-31CF4C9E8144}.Release|x86.ActiveCfg = Release|Any CPU
		{2D4A3370-0AB4-4ED5-94A2-31CF4C9E8144}.Release|x86.Build.0 = Release|Any CPU
	EndGlobalSection
	GlobalSection(SolutionProperties) = preSolution
		HideSolutionNode = FALSE
	EndGlobalSection
	GlobalSection(NestedProjects) = preSolution
		{29478C1B-09F5-4BF1-84C1-FDB2963168E5} = {827E0CD3-B72D-47B6-A68D-7590B98EB39B}
		{DA25ABC0-671E-498B-9C4B-DF997CD412C1} = {827E0CD3-B72D-47B6-A68D-7590B98EB39B}
		{2D4A3370-0AB4-4ED5-94A2-31CF4C9E8144} = {827E0CD3-B72D-47B6-A68D-7590B98EB39B}
	EndGlobalSection
EndGlobal
